
Microsoft Visual Studio Solution File, Format Version 12.00
# Visual Studio Version 17
VisualStudioVersion = 17.5.2.0
MinimumVisualStudioVersion = 10.0.40219.1
Project("{FAE04EC0-301F-11D3-BF4B-00C04F79EFBC}") = "SecureLink.Api", "SecureLink.Api\SecureLink.Api.csproj", "{4BA703F6-3890-4B6D-A2CF-1F8E2CB87D2E}"
EndProject
Project("{FAE04EC0-301F-11D3-BF4B-00C04F79EFBC}") = "SecureLink.Core", "SecureLink.Core\SecureLink.Core.csproj", "{713CF934-6619-4705-B2A3-E9DF1F39CDD5}"
EndProject
Project("{FAE04EC0-301F-11D3-BF4B-00C04F79EFBC}") = "SecureLink.Infrastructure", "SecureLink.Infrastructure\SecureLink.Infrastructure.csproj", "{EEB7927B-343C-48F6-802E-1E1F3BF7F14D}"
EndProject
Global
	GlobalSection(SolutionConfigurationPlatforms) = preSolution
		Debug|Any CPU = Debug|Any CPU
		Debug|x64 = Debug|x64
		Debug|x86 = Debug|x86
		Release|Any CPU = Release|Any CPU
		Release|x64 = Release|x64
		Release|x86 = Release|x86
	EndGlobalSection
	GlobalSection(ProjectConfigurationPlatforms) = postSolution
		{4BA703F6-3890-4B6D-A2CF-1F8E2CB87D2E}.Debug|Any CPU.ActiveCfg = Debug|Any CPU
		{4BA703F6-3890-4B6D-A2CF-1F8E2CB87D2E}.Debug|Any CPU.Build.0 = Debug|Any CPU
		{4BA703F6-3890-4B6D-A2CF-1F8E2CB87D2E}.Debug|x64.ActiveCfg = Debug|Any CPU
		{4BA703F6-3890-4B6D-A2CF-1F8E2CB87D2E}.Debug|x64.Build.0 = Debug|Any CPU
		{4BA703F6-3890-4B6D-A2CF-1F8E2CB87D2E}.Debug|x86.ActiveCfg = Debug|Any CPU
		{4BA703F6-3890-4B6D-A2CF-1F8E2CB87D2E}.Debug|x86.Build.0 = Debug|Any CPU
		{4BA703F6-3890-4B6D-A2CF-1F8E2CB87D2E}.Release|Any CPU.ActiveCfg = Release|Any CPU
		{4BA703F6-3890-4B6D-A2CF-1F8E2CB87D2E}.Release|Any CPU.Build.0 = Release|Any CPU
		{4BA703F6-3890-4B6D-A2CF-1F8E2CB87D2E}.Release|x64.ActiveCfg = Release|Any CPU
		{4BA703F6-3890-4B6D-A2CF-1F8E2CB87D2E}.Release|x64.Build.0 = Release|Any CPU
		{4BA703F6-3890-4B6D-A2CF-1F8E2CB87D2E}.Release|x86.ActiveCfg = Release|Any CPU
		{4BA703F6-3890-4B6D-A2CF-1F8E2CB87D2E}.Release|x86.Build.0 = Release|Any CPU
		{713CF934-6619-4705-B2A3-E9DF1F39CDD5}.Debug|Any CPU.ActiveCfg = Debug|Any CPU
		{713CF934-6619-4705-B2A3-E9DF1F39CDD5}.Debug|Any CPU.Build.0 = Debug|Any CPU
		{713CF934-6619-4705-B2A3-E9DF1F39CDD5}.Debug|x64.ActiveCfg = Debug|Any CPU
		{713CF934-6619-4705-B2A3-E9DF1F39CDD5}.Debug|x64.Build.0 = Debug|Any CPU
		{713CF934-6619-4705-B2A3-E9DF1F39CDD5}.Debug|x86.ActiveCfg = Debug|Any CPU
		{713CF934-6619-4705-B2A3-E9DF1F39CDD5}.Debug|x86.Build.0 = Debug|Any CPU
		{713CF934-6619-4705-B2A3-E9DF1F39CDD5}.Release|Any CPU.ActiveCfg = Release|Any CPU
		{713CF934-6619-4705-B2A3-E9DF1F39CDD5}.Release|Any CPU.Build.0 = Release|Any CPU
		{713CF934-6619-4705-B2A3-E9DF1F39CDD5}.Release|x64.ActiveCfg = Release|Any CPU
		{713CF934-6619-4705-B2A3-E9DF1F39CDD5}.Release|x64.Build.0 = Release|Any CPU
		{713CF934-6619-4705-B2A3-E9DF1F39CDD5}.Release|x86.ActiveCfg = Release|Any CPU
		{713CF934-6619-4705-B2A3-E9DF1F39CDD5}.Release|x86.Build.0 = Release|Any CPU
		{EEB7927B-343C-48F6-802E-1E1F3BF7F14D}.Debug|Any CPU.ActiveCfg = Debug|Any CPU
		{EEB7927B-343C-48F6-802E-1E1F3BF7F14D}.Debug|Any CPU.Build.0 = Debug|Any CPU
		{EEB7927B-343C-48F6-802E-1E1F3BF7F14D}.Debug|x64.ActiveCfg = Debug|Any CPU
		{EEB7927B-343C-48F6-802E-1E1F3BF7F14D}.Debug|x64.Build.0 = Debug|Any CPU
		{EEB7927B-343C-48F6-802E-1E1F3BF7F14D}.Debug|x86.ActiveCfg = Debug|Any CPU
		{EEB7927B-343C-48F6-802E-1E1F3BF7F14D}.Debug|x86.Build.0 = Debug|Any CPU
		{EEB7927B-343C-48F6-802E-1E1F3BF7F14D}.Release|Any CPU.ActiveCfg = Release|Any CPU
		{EEB7927B-343C-48F6-802E-1E1F3BF7F14D}.Release|Any CPU.Build.0 = Release|Any CPU
		{EEB7927B-343C-48F6-802E-1E1F3BF7F14D}.Release|x64.ActiveCfg = Release|Any CPU
		{EEB7927B-343C-48F6-802E-1E1F3BF7F14D}.Release|x64.Build.0 = Release|Any CPU
		{EEB7927B-343C-48F6-802E-1E1F3BF7F14D}.Release|x86.ActiveCfg = Release|Any CPU
		{EEB7927B-343C-48F6-802E-1E1F3BF7F14D}.Release|x86.Build.0 = Release|Any CPU
	EndGlobalSection
	GlobalSection(SolutionProperties) = preSolution
		HideSolutionNode = FALSE
	EndGlobalSection
	GlobalSection(ExtensibilityGlobals) = postSolution
		SolutionGuid = {75C2916C-D259-4BAE-8B07-364546A39A54}
	EndGlobalSection
EndGlobal
